
Microsoft Visual Studio Solution File, Format Version 12.00
# Visual Studio 2013
VisualStudioVersion = 12.0.30110.0
MinimumVisualStudioVersion = 10.0.40219.1
Project("{8BC9CEB8-8B4A-11D0-8D11-00A0C91BC942}") = "directx11", "directx11\directx11.vcxproj", "{0B0F4F77-2500-43B7-A3D7-65C035BD4F69}"
EndProject
Global
	GlobalSection(SolutionConfigurationPlatforms) = preSolution
		Debug|Win32 = Debug|Win32
		Release|Win32 = Release|Win32
	EndGlobalSection
	GlobalSection(ProjectConfigurationPlatforms) = postSolution
		{0B0F4F77-2500-43B7-A3D7-65C035BD4F69}.Debug|Win32.ActiveCfg = Debug|Win32
		{0B0F4F77-2500-43B7-A3D7-65C035BD4F69}.Debug|Win32.Build.0 = Debug|Win32
		{0B0F4F77-2500-43B7-A3D7-65C035BD4F69}.Release|Win32.ActiveCfg = Release|Win32
		{0B0F4F77-2500-43B7-A3D7-65C035BD4F69}.Release|Win32.Build.0 = Release|Win32
	EndGlobalSection
	GlobalSection(SolutionProperties) = preSolution
		HideSolutionNode = FALSE
	EndGlobalSection
EndGlobal
